// !$*UTF8*$!
{
	archiveVersion = 1;
	classes = {
	};
	objectVersion = 50;
	objects = {

/* Begin PBXBuildFile section */
		0406187C218B07E10062DC43 /* LoginVC.swift in Sources */ = {isa = PBXBuildFile; fileRef = 0406187B218B07E10062DC43 /* LoginVC.swift */; };
		04E2E915218AB3D4004FF7EE /* AppDelegate.swift in Sources */ = {isa = PBXBuildFile; fileRef = 04E2E914218AB3D4004FF7EE /* AppDelegate.swift */; };
		04E2E91A218AB3D4004FF7EE /* Main.storyboard in Resources */ = {isa = PBXBuildFile; fileRef = 04E2E918218AB3D4004FF7EE /* Main.storyboard */; };
		04E2E91C218AB3D6004FF7EE /* Assets.xcassets in Resources */ = {isa = PBXBuildFile; fileRef = 04E2E91B218AB3D6004FF7EE /* Assets.xcassets */; };
		04E2E91F218AB3D6004FF7EE /* LaunchScreen.storyboard in Resources */ = {isa = PBXBuildFile; fileRef = 04E2E91D218AB3D6004FF7EE /* LaunchScreen.storyboard */; };
		04E2E929218AB7D9004FF7EE /* Hands.png in Resources */ = {isa = PBXBuildFile; fileRef = 04E2E926218AB7D9004FF7EE /* Hands.png */; };
		04E2E92A218AB7D9004FF7EE /* Cover.png in Resources */ = {isa = PBXBuildFile; fileRef = 04E2E927218AB7D9004FF7EE /* Cover.png */; };
		04E2E92B218AB7D9004FF7EE /* WhiteIcon.png in Resources */ = {isa = PBXBuildFile; fileRef = 04E2E928218AB7D9004FF7EE /* WhiteIcon.png */; };
/* End PBXBuildFile section */

/* Begin PBXFileReference section */
		0406187B218B07E10062DC43 /* LoginVC.swift */ = {isa = PBXFileReference; lastKnownFileType = sourcecode.swift; path = LoginVC.swift; sourceTree = "<group>"; };
		04E2E911218AB3D4004FF7EE /* Tabook.app */ = {isa = PBXFileReference; explicitFileType = wrapper.application; includeInIndex = 0; path = Tabook.app; sourceTree = BUILT_PRODUCTS_DIR; };
		04E2E914218AB3D4004FF7EE /* AppDelegate.swift */ = {isa = PBXFileReference; lastKnownFileType = sourcecode.swift; path = AppDelegate.swift; sourceTree = "<group>"; };
		04E2E919218AB3D4004FF7EE /* Base */ = {isa = PBXFileReference; lastKnownFileType = file.storyboard; name = Base; path = Base.lproj/Main.storyboard; sourceTree = "<group>"; };
		04E2E91B218AB3D6004FF7EE /* Assets.xcassets */ = {isa = PBXFileReference; lastKnownFileType = folder.assetcatalog; path = Assets.xcassets; sourceTree = "<group>"; };
		04E2E91E218AB3D6004FF7EE /* Base */ = {isa = PBXFileReference; lastKnownFileType = file.storyboard; name = Base; path = Base.lproj/LaunchScreen.storyboard; sourceTree = "<group>"; };
		04E2E920218AB3D6004FF7EE /* Info.plist */ = {isa = PBXFileReference; lastKnownFileType = text.plist.xml; path = Info.plist; sourceTree = "<group>"; };
		04E2E926218AB7D9004FF7EE /* Hands.png */ = {isa = PBXFileReference; lastKnownFileType = image.png; path = Hands.png; sourceTree = "<group>"; };
		04E2E927218AB7D9004FF7EE /* Cover.png */ = {isa = PBXFileReference; lastKnownFileType = image.png; path = Cover.png; sourceTree = "<group>"; };
		04E2E928218AB7D9004FF7EE /* WhiteIcon.png */ = {isa = PBXFileReference; lastKnownFileType = image.png; path = WhiteIcon.png; sourceTree = "<group>"; };
/* End PBXFileReference section */

/* Begin PBXFrameworksBuildPhase section */
		04E2E90E218AB3D4004FF7EE /* Frameworks */ = {
			isa = PBXFrameworksBuildPhase;
			buildActionMask = 2147483647;
			files = (
			);
			runOnlyForDeploymentPostprocessing = 0;
		};
/* End PBXFrameworksBuildPhase section */

/* Begin PBXGroup section */
		04E2E908218AB3D4004FF7EE = {
			isa = PBXGroup;
			children = (
				04E2E913218AB3D4004FF7EE /* Tabook */,
				04E2E912218AB3D4004FF7EE /* Products */,
			);
			sourceTree = "<group>";
		};
		04E2E912218AB3D4004FF7EE /* Products */ = {
			isa = PBXGroup;
			children = (
				04E2E911218AB3D4004FF7EE /* Tabook.app */,
			);
			name = Products;
			sourceTree = "<group>";
		};
		04E2E913218AB3D4004FF7EE /* Tabook */ = {
			isa = PBXGroup;
			children = (
				04E2E927218AB7D9004FF7EE /* Cover.png */,
				04E2E926218AB7D9004FF7EE /* Hands.png */,
				04E2E928218AB7D9004FF7EE /* WhiteIcon.png */,
				04E2E914218AB3D4004FF7EE /* AppDelegate.swift */,
				04E2E918218AB3D4004FF7EE /* Main.storyboard */,
				04E2E91B218AB3D6004FF7EE /* Assets.xcassets */,
				04E2E91D218AB3D6004FF7EE /* LaunchScreen.storyboard */,
				04E2E920218AB3D6004FF7EE /* Info.plist */,
				0406187B218B07E10062DC43 /* LoginVC.swift */,
			);
			path = Tabook;
			sourceTree = "<group>";
		};
/* End PBXGroup section */

/* Begin PBXNativeTarget section */
		04E2E910218AB3D4004FF7EE /* Tabook */ = {
			isa = PBXNativeTarget;
			buildConfigurationList = 04E2E923218AB3D6004FF7EE /* Build configuration list for PBXNativeTarget "Tabook" */;
			buildPhases = (
				04E2E90D218AB3D4004FF7EE /* Sources */,
				04E2E90E218AB3D4004FF7EE /* Frameworks */,
				04E2E90F218AB3D4004FF7EE /* Resources */,
			);
			buildRules = (
			);
			dependencies = (
			);
			name = Tabook;
			productName = Tabook;
			productReference = 04E2E911218AB3D4004FF7EE /* Tabook.app */;
			productType = "com.apple.product-type.application";
		};
/* End PBXNativeTarget section */

/* Begin PBXProject section */
		04E2E909218AB3D4004FF7EE /* Project object */ = {
			isa = PBXProject;
			attributes = {
				LastSwiftUpdateCheck = 1010;
				LastUpgradeCheck = 1010;
				ORGANIZATIONNAME = "Tabook Alim's Inc.";
				TargetAttributes = {
					04E2E910218AB3D4004FF7EE = {
						CreatedOnToolsVersion = 10.1;
					};
				};
			};
			buildConfigurationList = 04E2E90C218AB3D4004FF7EE /* Build configuration list for PBXProject "Tabook" */;
			compatibilityVersion = "Xcode 9.3";
			developmentRegion = en;
			hasScannedForEncodings = 0;
			knownRegions = (
				en,
				Base,
			);
			mainGroup = 04E2E908218AB3D4004FF7EE;
			productRefGroup = 04E2E912218AB3D4004FF7EE /* Products */;
			projectDirPath = "";
			projectRoot = "";
			targets = (
				04E2E910218AB3D4004FF7EE /* Tabook */,
			);
		};
/* End PBXProject section */

/* Begin PBXResourcesBuildPhase section */
		04E2E90F218AB3D4004FF7EE /* Resources */ = {
			isa = PBXResourcesBuildPhase;
			buildActionMask = 2147483647;
			files = (
				04E2E91F218AB3D6004FF7EE /* LaunchScreen.storyboard in Resources */,
				04E2E91C218AB3D6004FF7EE /* Assets.xcassets in Resources */,
				04E2E929218AB7D9004FF7EE /* Hands.png in Resources */,
				04E2E91A218AB3D4004FF7EE /* Main.storyboard in Resources */,
				04E2E92B218AB7D9004FF7EE /* WhiteIcon.png in Resources */,
				04E2E92A218AB7D9004FF7EE /* Cover.png in Resources */,
			);
			runOnlyForDeploymentPostprocessing = 0;
		};
/* End PBXResourcesBuildPhase section */

/* Begin PBXSourcesBuildPhase section */
		04E2E90D218AB3D4004FF7EE /* Sources */ = {
			isa = PBXSourcesBuildPhase;
			buildActionMask = 2147483647;
			files = (
				0406187C218B07E10062DC43 /* LoginVC.swift in Sources */,
				04E2E915218AB3D4004FF7EE /* AppDelegate.swift in Sources */,
			);
			runOnlyForDeploymentPostprocessing = 0;
		};
/* End PBXSourcesBuildPhase section */

/* Begin PBXVariantGroup section */
		04E2E918218AB3D4004FF7EE /* Main.storyboard */ = {
			isa = PBXVariantGroup;
			children = (
				04E2E919218AB3D4004FF7EE /* Base */,
			);
			name = Main.storyboard;
			sourceTree = "<group>";
		};
		04E2E91D218AB3D6004FF7EE /* LaunchScreen.storyboard */ = {
			isa = PBXVariantGroup;
			children = (
				04E2E91E218AB3D6004FF7EE /* Base */,
			);
			name = LaunchScreen.storyboard;
			sourceTree = "<group>";
		};
/* End PBXVariantGroup section */

/* Begin XCBuildConfiguration section */
		04E2E921218AB3D6004FF7EE /* Debug */ = {
			isa = XCBuildConfiguration;
			buildSettings = {
				ALWAYS_SEARCH_USER_PATHS = NO;
				CLANG_ANALYZER_NONNULL = YES;
				CLANG_ANALYZER_NUMBER_OBJECT_CONVERSION = YES_AGGRESSIVE;
				CLANG_CXX_LANGUAGE_STANDARD = "gnu++14";
				CLANG_CXX_LIBRARY = "libc++";
				CLANG_ENABLE_MODULES = YES;
				CLANG_ENABLE_OBJC_ARC = YES;
				CLANG_ENABLE_OBJC_WEAK = YES;
				CLANG_WARN_BLOCK_CAPTURE_AUTORELEASING = YES;
				CLANG_WARN_BOOL_CONVERSION = YES;
				CLANG_WARN_COMMA = YES;
				CLANG_WARN_CONSTANT_CONVERSION = YES;
				CLANG_WARN_DEPRECATED_OBJC_IMPLEMENTATIONS = YES;
				CLANG_WARN_DIRECT_OBJC_ISA_USAGE = YES_ERROR;
				CLANG_WARN_DOCUMENTATION_COMMENTS = YES;
				CLANG_WARN_EMPTY_BODY = YES;
				CLANG_WARN_ENUM_CONVERSION = YES;
				CLANG_WARN_INFINITE_RECURSION = YES;
				CLANG_WARN_INT_CONVERSION = YES;
				CLANG_WARN_NON_LITERAL_NULL_CONVERSION = YES;
				CLANG_WARN_OBJC_IMPLICIT_RETAIN_SELF = YES;
				CLANG_WARN_OBJC_LITERAL_CONVERSION = YES;
				CLANG_WARN_OBJC_ROOT_CLASS = YES_ERROR;
				CLANG_WARN_RANGE_LOOP_ANALYSIS = YES;
				CLANG_WARN_STRICT_PROTOTYPES = YES;
				CLANG_WARN_SUSPICIOUS_MOVE = YES;
				CLANG_WARN_UNGUARDED_AVAILABILITY = YES_AGGRESSIVE;
				CLANG_WARN_UNREACHABLE_CODE = YES;
				CLANG_WARN__DUPLICATE_METHOD_MATCH = YES;
				CODE_SIGN_IDENTITY = "iPhone Developer";
				COPY_PHASE_STRIP = NO;
				DEBUG_INFORMATION_FORMAT = dwarf;
				ENABLE_STRICT_OBJC_MSGSEND = YES;
				ENABLE_TESTABILITY = YES;
				GCC_C_LANGUAGE_STANDARD = gnu11;
				GCC_DYNAMIC_NO_PIC = NO;
				GCC_NO_COMMON_BLOCKS = YES;
				GCC_OPTIMIZATION_LEVEL = 0;
				GCC_PREPROCESSOR_DEFINITIONS = (
					"DEBUG=1",
					"$(inherited)",
				);
				GCC_WARN_64_TO_32_BIT_CONVERSION = YES;
				GCC_WARN_ABOUT_RETURN_TYPE = YES_ERROR;
				GCC_WARN_UNDECLARED_SELECTOR = YES;
				GCC_WARN_UNINITIALIZED_AUTOS = YES_AGGRESSIVE;
				GCC_WARN_UNUSED_FUNCTION = YES;
				GCC_WARN_UNUSED_VARIABLE = YES;
				IPHONEOS_DEPLOYMENT_TARGET = 12.1;
				MTL_ENABLE_DEBUG_INFO = INCLUDE_SOURCE;
				MTL_FAST_MATH = YES;
				ONLY_ACTIVE_ARCH = YES;
				SDKROOT = iphoneos;
				SWIFT_ACTIVE_COMPILATION_CONDITIONS = DEBUG;
				SWIFT_OPTIMIZATION_LEVEL = "-Onone";
			};
			name = Debug;
		};
		04E2E922218AB3D6004FF7EE /* Release */ = {
			isa = XCBuildConfiguration;
			buildSettings = {
				ALWAYS_SEARCH_USER_PATHS = NO;
				CLANG_ANALYZER_NONNULL = YES;
				CLANG_ANALYZER_NUMBER_OBJECT_CONVERSION = YES_AGGRESSIVE;
				CLANG_CXX_LANGUAGE_STANDARD = "gnu++14";
				CLANG_CXX_LIBRARY = "libc++";
				CLANG_ENABLE_MODULES = YES;
				CLANG_ENABLE_OBJC_ARC = YES;
				CLANG_ENABLE_OBJC_WEAK = YES;
				CLANG_WARN_BLOCK_CAPTURE_AUTORELEASING = YES;
				CLANG_WARN_BOOL_CONVERSION = YES;
				CLANG_WARN_COMMA = YES;
				CLANG_WARN_CONSTANT_CONVERSION = YES;
				CLANG_WARN_DEPRECATED_OBJC_IMPLEMENTATIONS = YES;
				CLANG_WARN_DIRECT_OBJC_ISA_USAGE = YES_ERROR;
				CLANG_WARN_DOCUMENTATION_COMMENTS = YES;
				CLANG_WARN_EMPTY_BODY = YES;
				CLANG_WARN_ENUM_CONVERSION = YES;
				CLANG_WARN_INFINITE_RECURSION = YES;
				CLANG_WARN_INT_CONVERSION = YES;
				CLANG_WARN_NON_LITERAL_NULL_CONVERSION = YES;
				CLANG_WARN_OBJC_IMPLICIT_RETAIN_SELF = YES;
				CLANG_WARN_OBJC_LITERAL_CONVERSION = YES;
				CLANG_WARN_OBJC_ROOT_CLASS = YES_ERROR;
				CLANG_WARN_RANGE_LOOP_ANALYSIS = YES;
				CLANG_WARN_STRICT_PROTOTYPES = YES;
				CLANG_WARN_SUSPICIOUS_MOVE = YES;
				CLANG_WARN_UNGUARDED_AVAILABILITY = YES_AGGRESSIVE;
				CLANG_WARN_UNREACHABLE_CODE = YES;
				CLANG_WARN__DUPLICATE_METHOD_MATCH = YES;
				CODE_SIGN_IDENTITY = "iPhone Developer";
				COPY_PHASE_STRIP = NO;
				DEBUG_INFORMATION_FORMAT = "dwarf-with-dsym";
				ENABLE_NS_ASSERTIONS = NO;
				ENABLE_STRICT_OBJC_MSGSEND = YES;
				GCC_C_LANGUAGE_STANDARD = gnu11;
				GCC_NO_COMMON_BLOCKS = YES;
				GCC_WARN_64_TO_32_BIT_CONVERSION = YES;
				GCC_WARN_ABOUT_RETURN_TYPE = YES_ERROR;
				GCC_WARN_UNDECLARED_SELECTOR = YES;
				GCC_WARN_UNINITIALIZED_AUTOS = YES_AGGRESSIVE;
				GCC_WARN_UNUSED_FUNCTION = YES;
				GCC_WARN_UNUSED_VARIABLE = YES;
				IPHONEOS_DEPLOYMENT_TARGET = 12.1;
				MTL_ENABLE_DEBUG_INFO = NO;
				MTL_FAST_MATH = YES;
				SDKROOT = iphoneos;
				SWIFT_COMPILATION_MODE = wholemodule;
				SWIFT_OPTIMIZATION_LEVEL = "-O";
				VALIDATE_PRODUCT = YES;
			};
			name = Release;
		};
		04E2E924218AB3D6004FF7EE /* Debug */ = {
			isa = XCBuildConfiguration;
			buildSettings = {
				ASSETCATALOG_COMPILER_APPICON_NAME = AppIcon;
				CODE_SIGN_STYLE = Automatic;
				DEVELOPMENT_TEAM = CF2BBPY75K;
				INFOPLIST_FILE = Tabook/Info.plist;
				LD_RUNPATH_SEARCH_PATHS = (
					"$(inherited)",
					"@executable_path/Frameworks",
				);
				PRODUCT_BUNDLE_IDENTIFIER = App.Tabook;
				PRODUCT_NAME = "$(TARGET_NAME)";
				SWIFT_VERSION = 4.2;
				TARGETED_DEVICE_FAMILY = "1,2";
			};
			name = Debug;
		};
		04E2E925218AB3D6004FF7EE /* Release */ = {
			isa = XCBuildConfiguration;
			buildSettings = {
				ASSETCATALOG_COMPILER_APPICON_NAME = AppIcon;
				CODE_SIGN_STYLE = Automatic;
				DEVELOPMENT_TEAM = CF2BBPY75K;
				INFOPLIST_FILE = Tabook/Info.plist;
				LD_RUNPATH_SEARCH_PATHS = (
					"$(inherited)",
					"@executable_path/Frameworks",
				);
				PRODUCT_BUNDLE_IDENTIFIER = App.Tabook;
				PRODUCT_NAME = "$(TARGET_NAME)";
				SWIFT_VERSION = 4.2;
				TARGETED_DEVICE_FAMILY = "1,2";
			};
			name = Release;
		};
/* End XCBuildConfiguration section */

/* Begin XCConfigurationList section */
		04E2E90C218AB3D4004FF7EE /* Build configuration list for PBXProject "Tabook" */ = {
			isa = XCConfigurationList;
			buildConfigurations = (
				04E2E921218AB3D6004FF7EE /* Debug */,
				04E2E922218AB3D6004FF7EE /* Release */,
			);
			defaultConfigurationIsVisible = 0;
			defaultConfigurationName = Release;
		};
		04E2E923218AB3D6004FF7EE /* Build configuration list for PBXNativeTarget "Tabook" */ = {
			isa = XCConfigurationList;
			buildConfigurations = (
				04E2E924218AB3D6004FF7EE /* Debug */,
				04E2E925218AB3D6004FF7EE /* Release */,
			);
			defaultConfigurationIsVisible = 0;
			defaultConfigurationName = Release;
		};
/* End XCConfigurationList section */
	};
	rootObject = 04E2E909218AB3D4004FF7EE /* Project object */;
}
